
Microsoft Visual Studio Solution File, Format Version 12.00
# Visual Studio Version 17
VisualStudioVersion = 17.13.35806.99 d17.13
MinimumVisualStudioVersion = 10.0.40219.1
Project("{FAE04EC0-301F-11D3-BF4B-00C04F79EFBC}") = "ST10444488_Cybersecurity_Chatbot", "ST10444488_Cybersecurity_Chatbot\ST10444488_Cybersecurity_Chatbot.csproj", "{7EBFA73A-BCB9-421E-97A9-B05DF24D0856}"
EndProject
Global
	GlobalSection(SolutionConfigurationPlatforms) = preSolution
		Debug|Any CPU = Debug|Any CPU
		Release|Any CPU = Release|Any CPU
	EndGlobalSection
	GlobalSection(ProjectConfigurationPlatforms) = postSolution
		{7EBFA73A-BCB9-421E-97A9-B05DF24D0856}.Debug|Any CPU.ActiveCfg = Debug|Any CPU
		{7EBFA73A-BCB9-421E-97A9-B05DF24D0856}.Debug|Any CPU.Build.0 = Debug|Any CPU
		{7EBFA73A-BCB9-421E-97A9-B05DF24D0856}.Release|Any CPU.ActiveCfg = Release|Any CPU
		{7EBFA73A-BCB9-421E-97A9-B05DF24D0856}.Release|Any CPU.Build.0 = Release|Any CPU
	EndGlobalSection
	GlobalSection(SolutionProperties) = preSolution
		HideSolutionNode = FALSE
	EndGlobalSection
	GlobalSection(ExtensibilityGlobals) = postSolution
		SolutionGuid = {3D54BC7B-6630-47EF-B5A3-0A3ABB6E5053}
	EndGlobalSection
EndGlobal
